// !$*UTF8*$!
{
	archiveVersion = 1;
	classes = {
	};
	objectVersion = 46;
	objects = {

/* Begin PBXBuildFile section */
		C71B54171EC442A400B8BA6C /* AppDelegate.swift in Sources */ = {isa = PBXBuildFile; fileRef = C71B54161EC442A400B8BA6C /* AppDelegate.swift */; };
		C71B54191EC442A400B8BA6C /* SVLoginViewController.swift in Sources */ = {isa = PBXBuildFile; fileRef = C71B54181EC442A400B8BA6C /* SVLoginViewController.swift */; };
		C71B541C1EC442A400B8BA6C /* Main.storyboard in Resources */ = {isa = PBXBuildFile; fileRef = C71B541A1EC442A400B8BA6C /* Main.storyboard */; };
		C71B541E1EC442A400B8BA6C /* Assets.xcassets in Resources */ = {isa = PBXBuildFile; fileRef = C71B541D1EC442A400B8BA6C /* Assets.xcassets */; };
		C71B54211EC442A400B8BA6C /* LaunchScreen.storyboard in Resources */ = {isa = PBXBuildFile; fileRef = C71B541F1EC442A400B8BA6C /* LaunchScreen.storyboard */; };
		C71B542C1EC442A400B8BA6C /* SurvyyTests.swift in Sources */ = {isa = PBXBuildFile; fileRef = C71B542B1EC442A400B8BA6C /* SurvyyTests.swift */; };
		C787311F1EC586DF005D6288 /* SVChatTableViewController.swift in Sources */ = {isa = PBXBuildFile; fileRef = C787311E1EC586DF005D6288 /* SVChatTableViewController.swift */; };
		C78731231EC5882D005D6288 /* SVRootViewController.swift in Sources */ = {isa = PBXBuildFile; fileRef = C78731221EC5882D005D6288 /* SVRootViewController.swift */; };
		C78731251EC58E5D005D6288 /* SVLoginManager.swift in Sources */ = {isa = PBXBuildFile; fileRef = C78731241EC58E5D005D6288 /* SVLoginManager.swift */; };
		C7E515B91EC994AD00762212 /* UserNotifications.framework in Frameworks */ = {isa = PBXBuildFile; fileRef = C7E515B81EC994AD00762212 /* UserNotifications.framework */; };
		C7EEF6761EC4823D00F3D008 /* GoogleService-Info.plist in Resources */ = {isa = PBXBuildFile; fileRef = C7EEF6751EC4823D00F3D008 /* GoogleService-Info.plist */; };
		C7F340FA1ECC332A0051F678 /* SVRoomViewController.swift in Sources */ = {isa = PBXBuildFile; fileRef = C7F340F91ECC332A0051F678 /* SVRoomViewController.swift */; };
		CDD538E8C10F8D7019FFF961 /* Pods_SurvyyTests.framework in Frameworks */ = {isa = PBXBuildFile; fileRef = 6DA73EF6A80E8B1506114ADA /* Pods_SurvyyTests.framework */; };
		EC746DE1EE633D5AAF83AE09 /* Pods_Survyy.framework in Frameworks */ = {isa = PBXBuildFile; fileRef = 3D74FA5686E720915E5EEEE3 /* Pods_Survyy.framework */; };
/* End PBXBuildFile section */

/* Begin PBXContainerItemProxy section */
		C71B54281EC442A400B8BA6C /* PBXContainerItemProxy */ = {
			isa = PBXContainerItemProxy;
			containerPortal = C71B540B1EC442A400B8BA6C /* Project object */;
			proxyType = 1;
			remoteGlobalIDString = C71B54121EC442A400B8BA6C;
			remoteInfo = Survyy;
		};
/* End PBXContainerItemProxy section */

/* Begin PBXFileReference section */
		3D030356F7ED35C97AE15B9A /* Pods-SurvyyTests.debug.xcconfig */ = {isa = PBXFileReference; includeInIndex = 1; lastKnownFileType = text.xcconfig; name = "Pods-SurvyyTests.debug.xcconfig"; path = "Pods/Target Support Files/Pods-SurvyyTests/Pods-SurvyyTests.debug.xcconfig"; sourceTree = "<group>"; };
		3D74FA5686E720915E5EEEE3 /* Pods_Survyy.framework */ = {isa = PBXFileReference; explicitFileType = wrapper.framework; includeInIndex = 0; path = Pods_Survyy.framework; sourceTree = BUILT_PRODUCTS_DIR; };
		4C5D8086886162FDD8AAFBFE /* Pods-Survyy.debug.xcconfig */ = {isa = PBXFileReference; includeInIndex = 1; lastKnownFileType = text.xcconfig; name = "Pods-Survyy.debug.xcconfig"; path = "Pods/Target Support Files/Pods-Survyy/Pods-Survyy.debug.xcconfig"; sourceTree = "<group>"; };
		6DA73EF6A80E8B1506114ADA /* Pods_SurvyyTests.framework */ = {isa = PBXFileReference; explicitFileType = wrapper.framework; includeInIndex = 0; path = Pods_SurvyyTests.framework; sourceTree = BUILT_PRODUCTS_DIR; };
		89ED7A8642CEA2316AF83520 /* Pods-Survyy.release.xcconfig */ = {isa = PBXFileReference; includeInIndex = 1; lastKnownFileType = text.xcconfig; name = "Pods-Survyy.release.xcconfig"; path = "Pods/Target Support Files/Pods-Survyy/Pods-Survyy.release.xcconfig"; sourceTree = "<group>"; };
		94603E86C25DE014396890CB /* Pods-SurvyyTests.release.xcconfig */ = {isa = PBXFileReference; includeInIndex = 1; lastKnownFileType = text.xcconfig; name = "Pods-SurvyyTests.release.xcconfig"; path = "Pods/Target Support Files/Pods-SurvyyTests/Pods-SurvyyTests.release.xcconfig"; sourceTree = "<group>"; };
		C71B54131EC442A400B8BA6C /* Survyy.app */ = {isa = PBXFileReference; explicitFileType = wrapper.application; includeInIndex = 0; path = Survyy.app; sourceTree = BUILT_PRODUCTS_DIR; };
		C71B54161EC442A400B8BA6C /* AppDelegate.swift */ = {isa = PBXFileReference; lastKnownFileType = sourcecode.swift; path = AppDelegate.swift; sourceTree = "<group>"; };
		C71B54181EC442A400B8BA6C /* SVLoginViewController.swift */ = {isa = PBXFileReference; lastKnownFileType = sourcecode.swift; path = SVLoginViewController.swift; sourceTree = "<group>"; };
		C71B541B1EC442A400B8BA6C /* Base */ = {isa = PBXFileReference; lastKnownFileType = file.storyboard; name = Base; path = Base.lproj/Main.storyboard; sourceTree = "<group>"; };
		C71B541D1EC442A400B8BA6C /* Assets.xcassets */ = {isa = PBXFileReference; lastKnownFileType = folder.assetcatalog; path = Assets.xcassets; sourceTree = "<group>"; };
		C71B54201EC442A400B8BA6C /* Base */ = {isa = PBXFileReference; lastKnownFileType = file.storyboard; name = Base; path = Base.lproj/LaunchScreen.storyboard; sourceTree = "<group>"; };
		C71B54221EC442A400B8BA6C /* Info.plist */ = {isa = PBXFileReference; lastKnownFileType = text.plist.xml; path = Info.plist; sourceTree = "<group>"; };
		C71B54271EC442A400B8BA6C /* SurvyyTests.xctest */ = {isa = PBXFileReference; explicitFileType = wrapper.cfbundle; includeInIndex = 0; path = SurvyyTests.xctest; sourceTree = BUILT_PRODUCTS_DIR; };
		C71B542B1EC442A400B8BA6C /* SurvyyTests.swift */ = {isa = PBXFileReference; lastKnownFileType = sourcecode.swift; path = SurvyyTests.swift; sourceTree = "<group>"; };
		C71B542D1EC442A400B8BA6C /* Info.plist */ = {isa = PBXFileReference; lastKnownFileType = text.plist.xml; path = Info.plist; sourceTree = "<group>"; };
		C787311E1EC586DF005D6288 /* SVChatTableViewController.swift */ = {isa = PBXFileReference; fileEncoding = 4; lastKnownFileType = sourcecode.swift; path = SVChatTableViewController.swift; sourceTree = "<group>"; };
		C78731221EC5882D005D6288 /* SVRootViewController.swift */ = {isa = PBXFileReference; fileEncoding = 4; lastKnownFileType = sourcecode.swift; path = SVRootViewController.swift; sourceTree = "<group>"; };
		C78731241EC58E5D005D6288 /* SVLoginManager.swift */ = {isa = PBXFileReference; fileEncoding = 4; lastKnownFileType = sourcecode.swift; path = SVLoginManager.swift; sourceTree = "<group>"; };
		C7E515B81EC994AD00762212 /* UserNotifications.framework */ = {isa = PBXFileReference; lastKnownFileType = wrapper.framework; name = UserNotifications.framework; path = System/Library/Frameworks/UserNotifications.framework; sourceTree = SDKROOT; };
		C7E515BA1EC996EE00762212 /* Survyy.entitlements */ = {isa = PBXFileReference; lastKnownFileType = text.plist.entitlements; path = Survyy.entitlements; sourceTree = "<group>"; };
		C7EEF6751EC4823D00F3D008 /* GoogleService-Info.plist */ = {isa = PBXFileReference; fileEncoding = 4; lastKnownFileType = text.plist.xml; path = "GoogleService-Info.plist"; sourceTree = "<group>"; };
		C7F340F91ECC332A0051F678 /* SVRoomViewController.swift */ = {isa = PBXFileReference; fileEncoding = 4; lastKnownFileType = sourcecode.swift; path = SVRoomViewController.swift; sourceTree = "<group>"; };
/* End PBXFileReference section */

/* Begin PBXFrameworksBuildPhase section */
		C71B54101EC442A400B8BA6C /* Frameworks */ = {
			isa = PBXFrameworksBuildPhase;
			buildActionMask = 2147483647;
			files = (
				C7E515B91EC994AD00762212 /* UserNotifications.framework in Frameworks */,
				EC746DE1EE633D5AAF83AE09 /* Pods_Survyy.framework in Frameworks */,
			);
			runOnlyForDeploymentPostprocessing = 0;
		};
		C71B54241EC442A400B8BA6C /* Frameworks */ = {
			isa = PBXFrameworksBuildPhase;
			buildActionMask = 2147483647;
			files = (
				CDD538E8C10F8D7019FFF961 /* Pods_SurvyyTests.framework in Frameworks */,
			);
			runOnlyForDeploymentPostprocessing = 0;
		};
/* End PBXFrameworksBuildPhase section */

/* Begin PBXGroup section */
		C71B540A1EC442A400B8BA6C = {
			isa = PBXGroup;
			children = (
				C71B54151EC442A400B8BA6C /* Survyy */,
				C71B542A1EC442A400B8BA6C /* SurvyyTests */,
				C71B54141EC442A400B8BA6C /* Products */,
				FE412A9CFEEBF6458ECAE232 /* Pods */,
				D8303A8334F9D998BB1AB744 /* Frameworks */,
			);
			sourceTree = "<group>";
		};
		C71B54141EC442A400B8BA6C /* Products */ = {
			isa = PBXGroup;
			children = (
				C71B54131EC442A400B8BA6C /* Survyy.app */,
				C71B54271EC442A400B8BA6C /* SurvyyTests.xctest */,
			);
			name = Products;
			sourceTree = "<group>";
		};
		C71B54151EC442A400B8BA6C /* Survyy */ = {
			isa = PBXGroup;
			children = (
				C7E515BA1EC996EE00762212 /* Survyy.entitlements */,
				C71B54361EC4497D00B8BA6C /* Managers */,
				C71B54161EC442A400B8BA6C /* AppDelegate.swift */,
				C71B54181EC442A400B8BA6C /* SVLoginViewController.swift */,
				C78731221EC5882D005D6288 /* SVRootViewController.swift */,
				C7F340F91ECC332A0051F678 /* SVRoomViewController.swift */,
				C787311E1EC586DF005D6288 /* SVChatTableViewController.swift */,
				C71B541A1EC442A400B8BA6C /* Main.storyboard */,
				C71B541D1EC442A400B8BA6C /* Assets.xcassets */,
				C71B541F1EC442A400B8BA6C /* LaunchScreen.storyboard */,
				C71B54221EC442A400B8BA6C /* Info.plist */,
				C7EEF6751EC4823D00F3D008 /* GoogleService-Info.plist */,
			);
			path = Survyy;
			sourceTree = "<group>";
		};
		C71B542A1EC442A400B8BA6C /* SurvyyTests */ = {
			isa = PBXGroup;
			children = (
				C71B542B1EC442A400B8BA6C /* SurvyyTests.swift */,
				C71B542D1EC442A400B8BA6C /* Info.plist */,
			);
			path = SurvyyTests;
			sourceTree = "<group>";
		};
		C71B54361EC4497D00B8BA6C /* Managers */ = {
			isa = PBXGroup;
			children = (
				C78731241EC58E5D005D6288 /* SVLoginManager.swift */,
			);
			path = Managers;
			sourceTree = "<group>";
		};
		D8303A8334F9D998BB1AB744 /* Frameworks */ = {
			isa = PBXGroup;
			children = (
				C7E515B81EC994AD00762212 /* UserNotifications.framework */,
				3D74FA5686E720915E5EEEE3 /* Pods_Survyy.framework */,
				6DA73EF6A80E8B1506114ADA /* Pods_SurvyyTests.framework */,
			);
			name = Frameworks;
			sourceTree = "<group>";
		};
		FE412A9CFEEBF6458ECAE232 /* Pods */ = {
			isa = PBXGroup;
			children = (
				4C5D8086886162FDD8AAFBFE /* Pods-Survyy.debug.xcconfig */,
				89ED7A8642CEA2316AF83520 /* Pods-Survyy.release.xcconfig */,
				3D030356F7ED35C97AE15B9A /* Pods-SurvyyTests.debug.xcconfig */,
				94603E86C25DE014396890CB /* Pods-SurvyyTests.release.xcconfig */,
			);
			name = Pods;
			sourceTree = "<group>";
		};
/* End PBXGroup section */

/* Begin PBXNativeTarget section */
		C71B54121EC442A400B8BA6C /* Survyy */ = {
			isa = PBXNativeTarget;
			buildConfigurationList = C71B54301EC442A400B8BA6C /* Build configuration list for PBXNativeTarget "Survyy" */;
			buildPhases = (
				119F73317778B4A0C0EDE5C2 /* [CP] Check Pods Manifest.lock */,
				C71B540F1EC442A400B8BA6C /* Sources */,
				C71B54101EC442A400B8BA6C /* Frameworks */,
				C71B54111EC442A400B8BA6C /* Resources */,
				4354D9DFA084E89D330037DA /* [CP] Embed Pods Frameworks */,
				2032540D3BFC3A87F5FDB7DE /* [CP] Copy Pods Resources */,
			);
			buildRules = (
			);
			dependencies = (
			);
			name = Survyy;
			productName = Survyy;
			productReference = C71B54131EC442A400B8BA6C /* Survyy.app */;
			productType = "com.apple.product-type.application";
		};
		C71B54261EC442A400B8BA6C /* SurvyyTests */ = {
			isa = PBXNativeTarget;
			buildConfigurationList = C71B54331EC442A400B8BA6C /* Build configuration list for PBXNativeTarget "SurvyyTests" */;
			buildPhases = (
				252FA3E8CE78967D01D2CC16 /* [CP] Check Pods Manifest.lock */,
				C71B54231EC442A400B8BA6C /* Sources */,
				C71B54241EC442A400B8BA6C /* Frameworks */,
				C71B54251EC442A400B8BA6C /* Resources */,
				41F10762EF4CD5E8D213E5D6 /* [CP] Embed Pods Frameworks */,
				9195C89EF4AE4500F476DFBB /* [CP] Copy Pods Resources */,
			);
			buildRules = (
			);
			dependencies = (
				C71B54291EC442A400B8BA6C /* PBXTargetDependency */,
			);
			name = SurvyyTests;
			productName = SurvyyTests;
			productReference = C71B54271EC442A400B8BA6C /* SurvyyTests.xctest */;
			productType = "com.apple.product-type.bundle.unit-test";
		};
/* End PBXNativeTarget section */

/* Begin PBXProject section */
		C71B540B1EC442A400B8BA6C /* Project object */ = {
			isa = PBXProject;
			attributes = {
				CLASSPREFIX = SV;
				LastSwiftUpdateCheck = 0830;
				LastUpgradeCheck = 0830;
				ORGANIZATIONNAME = Survyy;
				TargetAttributes = {
					C71B54121EC442A400B8BA6C = {
						CreatedOnToolsVersion = 8.3.2;
						DevelopmentTeam = RT5Y8QLUYK;
						ProvisioningStyle = Automatic;
						SystemCapabilities = {
							com.apple.Push = {
								enabled = 0;
							};
						};
					};
					C71B54261EC442A400B8BA6C = {
						CreatedOnToolsVersion = 8.3.2;
						ProvisioningStyle = Automatic;
						TestTargetID = C71B54121EC442A400B8BA6C;
					};
				};
			};
			buildConfigurationList = C71B540E1EC442A400B8BA6C /* Build configuration list for PBXProject "Survyy" */;
			compatibilityVersion = "Xcode 3.2";
			developmentRegion = English;
			hasScannedForEncodings = 0;
			knownRegions = (
				en,
				Base,
			);
			mainGroup = C71B540A1EC442A400B8BA6C;
			productRefGroup = C71B54141EC442A400B8BA6C /* Products */;
			projectDirPath = "";
			projectRoot = "";
			targets = (
				C71B54121EC442A400B8BA6C /* Survyy */,
				C71B54261EC442A400B8BA6C /* SurvyyTests */,
			);
		};
/* End PBXProject section */

/* Begin PBXResourcesBuildPhase section */
		C71B54111EC442A400B8BA6C /* Resources */ = {
			isa = PBXResourcesBuildPhase;
			buildActionMask = 2147483647;
			files = (
				C71B54211EC442A400B8BA6C /* LaunchScreen.storyboard in Resources */,
				C7EEF6761EC4823D00F3D008 /* GoogleService-Info.plist in Resources */,
				C71B541E1EC442A400B8BA6C /* Assets.xcassets in Resources */,
				C71B541C1EC442A400B8BA6C /* Main.storyboard in Resources */,
			);
			runOnlyForDeploymentPostprocessing = 0;
		};
		C71B54251EC442A400B8BA6C /* Resources */ = {
			isa = PBXResourcesBuildPhase;
			buildActionMask = 2147483647;
			files = (
			);
			runOnlyForDeploymentPostprocessing = 0;
		};
/* End PBXResourcesBuildPhase section */

/* Begin PBXShellScriptBuildPhase section */
		119F73317778B4A0C0EDE5C2 /* [CP] Check Pods Manifest.lock */ = {
			isa = PBXShellScriptBuildPhase;
			buildActionMask = 2147483647;
			files = (
			);
			inputPaths = (
			);
			name = "[CP] Check Pods Manifest.lock";
			outputPaths = (
			);
			runOnlyForDeploymentPostprocessing = 0;
			shellPath = /bin/sh;
			shellScript = "diff \"${PODS_PODFILE_DIR_PATH}/Podfile.lock\" \"${PODS_ROOT}/Manifest.lock\" > /dev/null\nif [ $? != 0 ] ; then\n    # print error to STDERR\n    echo \"error: The sandbox is not in sync with the Podfile.lock. Run 'pod install' or update your CocoaPods installation.\" >&2\n    exit 1\nfi\n";
			showEnvVarsInLog = 0;
		};
		2032540D3BFC3A87F5FDB7DE /* [CP] Copy Pods Resources */ = {
			isa = PBXShellScriptBuildPhase;
			buildActionMask = 2147483647;
			files = (
			);
			inputPaths = (
			);
			name = "[CP] Copy Pods Resources";
			outputPaths = (
			);
			runOnlyForDeploymentPostprocessing = 0;
			shellPath = /bin/sh;
			shellScript = "\"${SRCROOT}/Pods/Target Support Files/Pods-Survyy/Pods-Survyy-resources.sh\"\n";
			showEnvVarsInLog = 0;
		};
		252FA3E8CE78967D01D2CC16 /* [CP] Check Pods Manifest.lock */ = {
			isa = PBXShellScriptBuildPhase;
			buildActionMask = 2147483647;
			files = (
			);
			inputPaths = (
			);
			name = "[CP] Check Pods Manifest.lock";
			outputPaths = (
			);
			runOnlyForDeploymentPostprocessing = 0;
			shellPath = /bin/sh;
			shellScript = "diff \"${PODS_PODFILE_DIR_PATH}/Podfile.lock\" \"${PODS_ROOT}/Manifest.lock\" > /dev/null\nif [ $? != 0 ] ; then\n    # print error to STDERR\n    echo \"error: The sandbox is not in sync with the Podfile.lock. Run 'pod install' or update your CocoaPods installation.\" >&2\n    exit 1\nfi\n";
			showEnvVarsInLog = 0;
		};
		41F10762EF4CD5E8D213E5D6 /* [CP] Embed Pods Frameworks */ = {
			isa = PBXShellScriptBuildPhase;
			buildActionMask = 2147483647;
			files = (
			);
			inputPaths = (
			);
			name = "[CP] Embed Pods Frameworks";
			outputPaths = (
			);
			runOnlyForDeploymentPostprocessing = 0;
			shellPath = /bin/sh;
			shellScript = "\"${SRCROOT}/Pods/Target Support Files/Pods-SurvyyTests/Pods-SurvyyTests-frameworks.sh\"\n";
			showEnvVarsInLog = 0;
		};
		4354D9DFA084E89D330037DA /* [CP] Embed Pods Frameworks */ = {
			isa = PBXShellScriptBuildPhase;
			buildActionMask = 2147483647;
			files = (
			);
			inputPaths = (
			);
			name = "[CP] Embed Pods Frameworks";
			outputPaths = (
			);
			runOnlyForDeploymentPostprocessing = 0;
			shellPath = /bin/sh;
			shellScript = "\"${SRCROOT}/Pods/Target Support Files/Pods-Survyy/Pods-Survyy-frameworks.sh\"\n";
			showEnvVarsInLog = 0;
		};
		9195C89EF4AE4500F476DFBB /* [CP] Copy Pods Resources */ = {
			isa = PBXShellScriptBuildPhase;
			buildActionMask = 2147483647;
			files = (
			);
			inputPaths = (
			);
			name = "[CP] Copy Pods Resources";
			outputPaths = (
			);
			runOnlyForDeploymentPostprocessing = 0;
			shellPath = /bin/sh;
			shellScript = "\"${SRCROOT}/Pods/Target Support Files/Pods-SurvyyTests/Pods-SurvyyTests-resources.sh\"\n";
			showEnvVarsInLog = 0;
		};
/* End PBXShellScriptBuildPhase section */

/* Begin PBXSourcesBuildPhase section */
		C71B540F1EC442A400B8BA6C /* Sources */ = {
			isa = PBXSourcesBuildPhase;
			buildActionMask = 2147483647;
			files = (
				C71B54191EC442A400B8BA6C /* SVLoginViewController.swift in Sources */,
				C78731231EC5882D005D6288 /* SVRootViewController.swift in Sources */,
				C7F340FA1ECC332A0051F678 /* SVRoomViewController.swift in Sources */,
				C787311F1EC586DF005D6288 /* SVChatTableViewController.swift in Sources */,
				C78731251EC58E5D005D6288 /* SVLoginManager.swift in Sources */,
				C71B54171EC442A400B8BA6C /* AppDelegate.swift in Sources */,
			);
			runOnlyForDeploymentPostprocessing = 0;
		};
		C71B54231EC442A400B8BA6C /* Sources */ = {
			isa = PBXSourcesBuildPhase;
			buildActionMask = 2147483647;
			files = (
				C71B542C1EC442A400B8BA6C /* SurvyyTests.swift in Sources */,
			);
			runOnlyForDeploymentPostprocessing = 0;
		};
/* End PBXSourcesBuildPhase section */

/* Begin PBXTargetDependency section */
		C71B54291EC442A400B8BA6C /* PBXTargetDependency */ = {
			isa = PBXTargetDependency;
			target = C71B54121EC442A400B8BA6C /* Survyy */;
			targetProxy = C71B54281EC442A400B8BA6C /* PBXContainerItemProxy */;
		};
/* End PBXTargetDependency section */

/* Begin PBXVariantGroup section */
		C71B541A1EC442A400B8BA6C /* Main.storyboard */ = {
			isa = PBXVariantGroup;
			children = (
				C71B541B1EC442A400B8BA6C /* Base */,
			);
			name = Main.storyboard;
			sourceTree = "<group>";
		};
		C71B541F1EC442A400B8BA6C /* LaunchScreen.storyboard */ = {
			isa = PBXVariantGroup;
			children = (
				C71B54201EC442A400B8BA6C /* Base */,
			);
			name = LaunchScreen.storyboard;
			sourceTree = "<group>";
		};
/* End PBXVariantGroup section */

/* Begin XCBuildConfiguration section */
		C71B542E1EC442A400B8BA6C /* Debug */ = {
			isa = XCBuildConfiguration;
			buildSettings = {
				ALWAYS_SEARCH_USER_PATHS = NO;
				CLANG_ANALYZER_NONNULL = YES;
				CLANG_ANALYZER_NUMBER_OBJECT_CONVERSION = YES_AGGRESSIVE;
				CLANG_CXX_LANGUAGE_STANDARD = "gnu++0x";
				CLANG_CXX_LIBRARY = "libc++";
				CLANG_ENABLE_MODULES = YES;
				CLANG_ENABLE_OBJC_ARC = YES;
				CLANG_WARN_BOOL_CONVERSION = YES;
				CLANG_WARN_CONSTANT_CONVERSION = YES;
				CLANG_WARN_DIRECT_OBJC_ISA_USAGE = YES_ERROR;
				CLANG_WARN_DOCUMENTATION_COMMENTS = YES;
				CLANG_WARN_EMPTY_BODY = YES;
				CLANG_WARN_ENUM_CONVERSION = YES;
				CLANG_WARN_INFINITE_RECURSION = YES;
				CLANG_WARN_INT_CONVERSION = YES;
				CLANG_WARN_OBJC_ROOT_CLASS = YES_ERROR;
				CLANG_WARN_SUSPICIOUS_MOVE = YES;
				CLANG_WARN_UNREACHABLE_CODE = YES;
				CLANG_WARN__DUPLICATE_METHOD_MATCH = YES;
				"CODE_SIGN_IDENTITY[sdk=iphoneos*]" = "iPhone Developer";
				COPY_PHASE_STRIP = NO;
				DEBUG_INFORMATION_FORMAT = dwarf;
				ENABLE_STRICT_OBJC_MSGSEND = YES;
				ENABLE_TESTABILITY = YES;
				GCC_C_LANGUAGE_STANDARD = gnu99;
				GCC_DYNAMIC_NO_PIC = NO;
				GCC_NO_COMMON_BLOCKS = YES;
				GCC_OPTIMIZATION_LEVEL = 0;
				GCC_PREPROCESSOR_DEFINITIONS = (
					"DEBUG=1",
					"$(inherited)",
				);
				GCC_WARN_64_TO_32_BIT_CONVERSION = YES;
				GCC_WARN_ABOUT_RETURN_TYPE = YES_ERROR;
				GCC_WARN_UNDECLARED_SELECTOR = YES;
				GCC_WARN_UNINITIALIZED_AUTOS = YES_AGGRESSIVE;
				GCC_WARN_UNUSED_FUNCTION = YES;
				GCC_WARN_UNUSED_VARIABLE = YES;
				IPHONEOS_DEPLOYMENT_TARGET = 10.3;
				MTL_ENABLE_DEBUG_INFO = YES;
				ONLY_ACTIVE_ARCH = YES;
				SDKROOT = iphoneos;
				SWIFT_ACTIVE_COMPILATION_CONDITIONS = DEBUG;
				SWIFT_OPTIMIZATION_LEVEL = "-Onone";
				TARGETED_DEVICE_FAMILY = "1,2";
			};
			name = Debug;
		};
		C71B542F1EC442A400B8BA6C /* Release */ = {
			isa = XCBuildConfiguration;
			buildSettings = {
				ALWAYS_SEARCH_USER_PATHS = NO;
				CLANG_ANALYZER_NONNULL = YES;
				CLANG_ANALYZER_NUMBER_OBJECT_CONVERSION = YES_AGGRESSIVE;
				CLANG_CXX_LANGUAGE_STANDARD = "gnu++0x";
				CLANG_CXX_LIBRARY = "libc++";
				CLANG_ENABLE_MODULES = YES;
				CLANG_ENABLE_OBJC_ARC = YES;
				CLANG_WARN_BOOL_CONVERSION = YES;
				CLANG_WARN_CONSTANT_CONVERSION = YES;
				CLANG_WARN_DIRECT_OBJC_ISA_USAGE = YES_ERROR;
				CLANG_WARN_DOCUMENTATION_COMMENTS = YES;
				CLANG_WARN_EMPTY_BODY = YES;
				CLANG_WARN_ENUM_CONVERSION = YES;
				CLANG_WARN_INFINITE_RECURSION = YES;
				CLANG_WARN_INT_CONVERSION = YES;
				CLANG_WARN_OBJC_ROOT_CLASS = YES_ERROR;
				CLANG_WARN_SUSPICIOUS_MOVE = YES;
				CLANG_WARN_UNREACHABLE_CODE = YES;
				CLANG_WARN__DUPLICATE_METHOD_MATCH = YES;
				"CODE_SIGN_IDENTITY[sdk=iphoneos*]" = "iPhone Developer";
				COPY_PHASE_STRIP = NO;
				DEBUG_INFORMATION_FORMAT = "dwarf-with-dsym";
				ENABLE_NS_ASSERTIONS = NO;
				ENABLE_STRICT_OBJC_MSGSEND = YES;
				GCC_C_LANGUAGE_STANDARD = gnu99;
				GCC_NO_COMMON_BLOCKS = YES;
				GCC_WARN_64_TO_32_BIT_CONVERSION = YES;
				GCC_WARN_ABOUT_RETURN_TYPE = YES_ERROR;
				GCC_WARN_UNDECLARED_SELECTOR = YES;
				GCC_WARN_UNINITIALIZED_AUTOS = YES_AGGRESSIVE;
				GCC_WARN_UNUSED_FUNCTION = YES;
				GCC_WARN_UNUSED_VARIABLE = YES;
				IPHONEOS_DEPLOYMENT_TARGET = 10.3;
				MTL_ENABLE_DEBUG_INFO = NO;
				SDKROOT = iphoneos;
				SWIFT_OPTIMIZATION_LEVEL = "-Owholemodule";
				TARGETED_DEVICE_FAMILY = "1,2";
				VALIDATE_PRODUCT = YES;
			};
			name = Release;
		};
		C71B54311EC442A400B8BA6C /* Debug */ = {
			isa = XCBuildConfiguration;
			baseConfigurationReference = 4C5D8086886162FDD8AAFBFE /* Pods-Survyy.debug.xcconfig */;
			buildSettings = {
				ASSETCATALOG_COMPILER_APPICON_NAME = AppIcon;
				DEVELOPMENT_TEAM = RT5Y8QLUYK;
				INFOPLIST_FILE = Survyy/Info.plist;
				IPHONEOS_DEPLOYMENT_TARGET = 9.0;
				LD_RUNPATH_SEARCH_PATHS = "$(inherited) @executable_path/Frameworks";
				PRODUCT_BUNDLE_IDENTIFIER = com.GuillermoRD.Survyy;
				PRODUCT_NAME = "$(TARGET_NAME)";
				SWIFT_VERSION = 3.0;
			};
			name = Debug;
		};
		C71B54321EC442A400B8BA6C /* Release */ = {
			isa = XCBuildConfiguration;
			baseConfigurationReference = 89ED7A8642CEA2316AF83520 /* Pods-Survyy.release.xcconfig */;
			buildSettings = {
				ASSETCATALOG_COMPILER_APPICON_NAME = AppIcon;
				DEVELOPMENT_TEAM = RT5Y8QLUYK;
				INFOPLIST_FILE = Survyy/Info.plist;
				IPHONEOS_DEPLOYMENT_TARGET = 9.0;
				LD_RUNPATH_SEARCH_PATHS = "$(inherited) @executable_path/Frameworks";
				PRODUCT_BUNDLE_IDENTIFIER = com.GuillermoRD.Survyy;
				PRODUCT_NAME = "$(TARGET_NAME)";
				SWIFT_VERSION = 3.0;
			};
			name = Release;
		};
		C71B54341EC442A400B8BA6C /* Debug */ = {
			isa = XCBuildConfiguration;
			baseConfigurationReference = 3D030356F7ED35C97AE15B9A /* Pods-SurvyyTests.debug.xcconfig */;
			buildSettings = {
				ALWAYS_EMBED_SWIFT_STANDARD_LIBRARIES = YES;
				BUNDLE_LOADER = "$(TEST_HOST)";
				INFOPLIST_FILE = SurvyyTests/Info.plist;
				LD_RUNPATH_SEARCH_PATHS = "$(inherited) @executable_path/Frameworks @loader_path/Frameworks";
				PRODUCT_BUNDLE_IDENTIFIER = com.GuillermoRD.SurvyyTests;
				PRODUCT_NAME = "$(TARGET_NAME)";
				SWIFT_VERSION = 3.0;
				TEST_HOST = "$(BUILT_PRODUCTS_DIR)/Survyy.app/Survyy";
			};
			name = Debug;
		};
		C71B54351EC442A400B8BA6C /* Release */ = {
			isa = XCBuildConfiguration;
			baseConfigurationReference = 94603E86C25DE014396890CB /* Pods-SurvyyTests.release.xcconfig */;
			buildSettings = {
				ALWAYS_EMBED_SWIFT_STANDARD_LIBRARIES = YES;
				BUNDLE_LOADER = "$(TEST_HOST)";
				INFOPLIST_FILE = SurvyyTests/Info.plist;
				LD_RUNPATH_SEARCH_PATHS = "$(inherited) @executable_path/Frameworks @loader_path/Frameworks";
				PRODUCT_BUNDLE_IDENTIFIER = com.GuillermoRD.SurvyyTests;
				PRODUCT_NAME = "$(TARGET_NAME)";
				SWIFT_VERSION = 3.0;
				TEST_HOST = "$(BUILT_PRODUCTS_DIR)/Survyy.app/Survyy";
			};
			name = Release;
		};
/* End XCBuildConfiguration section */

/* Begin XCConfigurationList section */
		C71B540E1EC442A400B8BA6C /* Build configuration list for PBXProject "Survyy" */ = {
			isa = XCConfigurationList;
			buildConfigurations = (
				C71B542E1EC442A400B8BA6C /* Debug */,
				C71B542F1EC442A400B8BA6C /* Release */,
			);
			defaultConfigurationIsVisible = 0;
			defaultConfigurationName = Release;
		};
		C71B54301EC442A400B8BA6C /* Build configuration list for PBXNativeTarget "Survyy" */ = {
			isa = XCConfigurationList;
			buildConfigurations = (
				C71B54311EC442A400B8BA6C /* Debug */,
				C71B54321EC442A400B8BA6C /* Release */,
			);
			defaultConfigurationIsVisible = 0;
			defaultConfigurationName = Release;
		};
		C71B54331EC442A400B8BA6C /* Build configuration list for PBXNativeTarget "SurvyyTests" */ = {
			isa = XCConfigurationList;
			buildConfigurations = (
				C71B54341EC442A400B8BA6C /* Debug */,
				C71B54351EC442A400B8BA6C /* Release */,
			);
			defaultConfigurationIsVisible = 0;
			defaultConfigurationName = Release;
		};
/* End XCConfigurationList section */
	};
	rootObject = C71B540B1EC442A400B8BA6C /* Project object */;
}
